// !$*UTF8*$!
{
	archiveVersion = 1;
	classes = {
	};
	objectVersion = 46;
	objects = {

/* Begin PBXBuildFile section */
		857542F21C9D264400F225B4 /* main.m in Sources */ = {isa = PBXBuildFile; fileRef = 857542F11C9D264400F225B4 /* main.m */; };
		857542F51C9D264400F225B4 /* AppDelegate.m in Sources */ = {isa = PBXBuildFile; fileRef = 857542F41C9D264400F225B4 /* AppDelegate.m */; };
		857542FB1C9D264400F225B4 /* Main.storyboard in Resources */ = {isa = PBXBuildFile; fileRef = 857542F91C9D264400F225B4 /* Main.storyboard */; };
		857542FD1C9D264400F225B4 /* Assets.xcassets in Resources */ = {isa = PBXBuildFile; fileRef = 857542FC1C9D264400F225B4 /* Assets.xcassets */; };
		857543001C9D264400F225B4 /* LaunchScreen.storyboard in Resources */ = {isa = PBXBuildFile; fileRef = 857542FE1C9D264400F225B4 /* LaunchScreen.storyboard */; };
		8575430B1C9D264400F225B4 /* SampleProjectTests.m in Sources */ = {isa = PBXBuildFile; fileRef = 8575430A1C9D264400F225B4 /* SampleProjectTests.m */; };
		8575431A1C9D623200F225B4 /* EventsView.m in Sources */ = {isa = PBXBuildFile; fileRef = 857543191C9D623200F225B4 /* EventsView.m */; };
		85C510B71CA0007F0091EFB7 /* EventInfo.m in Sources */ = {isa = PBXBuildFile; fileRef = 85C510B61CA0007F0091EFB7 /* EventInfo.m */; };
		85C510BA1CA000FF0091EFB7 /* EventCell.m in Sources */ = {isa = PBXBuildFile; fileRef = 85C510B91CA000FF0091EFB7 /* EventCell.m */; };
/* End PBXBuildFile section */

/* Begin PBXContainerItemProxy section */
		857543071C9D264400F225B4 /* PBXContainerItemProxy */ = {
			isa = PBXContainerItemProxy;
			containerPortal = 857542E51C9D264300F225B4 /* Project object */;
			proxyType = 1;
			remoteGlobalIDString = 857542EC1C9D264400F225B4;
			remoteInfo = SampleProject;
		};
/* End PBXContainerItemProxy section */

/* Begin PBXFileReference section */
		857542ED1C9D264400F225B4 /* SampleProject.app */ = {isa = PBXFileReference; explicitFileType = wrapper.application; includeInIndex = 0; path = SampleProject.app; sourceTree = BUILT_PRODUCTS_DIR; };
		857542F11C9D264400F225B4 /* main.m */ = {isa = PBXFileReference; lastKnownFileType = sourcecode.c.objc; path = main.m; sourceTree = "<group>"; };
		857542F31C9D264400F225B4 /* AppDelegate.h */ = {isa = PBXFileReference; lastKnownFileType = sourcecode.c.h; path = AppDelegate.h; sourceTree = "<group>"; };
		857542F41C9D264400F225B4 /* AppDelegate.m */ = {isa = PBXFileReference; lastKnownFileType = sourcecode.c.objc; path = AppDelegate.m; sourceTree = "<group>"; };
		857542FA1C9D264400F225B4 /* Base */ = {isa = PBXFileReference; lastKnownFileType = file.storyboard; name = Base; path = Base.lproj/Main.storyboard; sourceTree = "<group>"; };
		857542FC1C9D264400F225B4 /* Assets.xcassets */ = {isa = PBXFileReference; lastKnownFileType = folder.assetcatalog; path = Assets.xcassets; sourceTree = "<group>"; };
		857542FF1C9D264400F225B4 /* Base */ = {isa = PBXFileReference; lastKnownFileType = file.storyboard; name = Base; path = Base.lproj/LaunchScreen.storyboard; sourceTree = "<group>"; };
		857543011C9D264400F225B4 /* Info.plist */ = {isa = PBXFileReference; lastKnownFileType = text.plist.xml; path = Info.plist; sourceTree = "<group>"; };
		857543061C9D264400F225B4 /* SampleProjectTests.xctest */ = {isa = PBXFileReference; explicitFileType = wrapper.cfbundle; includeInIndex = 0; path = SampleProjectTests.xctest; sourceTree = BUILT_PRODUCTS_DIR; };
		8575430A1C9D264400F225B4 /* SampleProjectTests.m */ = {isa = PBXFileReference; lastKnownFileType = sourcecode.c.objc; path = SampleProjectTests.m; sourceTree = "<group>"; };
		8575430C1C9D264400F225B4 /* Info.plist */ = {isa = PBXFileReference; lastKnownFileType = text.plist.xml; path = Info.plist; sourceTree = "<group>"; };
		857543181C9D623200F225B4 /* EventsView.h */ = {isa = PBXFileReference; fileEncoding = 4; lastKnownFileType = sourcecode.c.h; path = EventsView.h; sourceTree = "<group>"; };
		857543191C9D623200F225B4 /* EventsView.m */ = {isa = PBXFileReference; fileEncoding = 4; lastKnownFileType = sourcecode.c.objc; path = EventsView.m; sourceTree = "<group>"; };
		858539411CA68A7E00941DB4 /* EventCellDelegate.h */ = {isa = PBXFileReference; fileEncoding = 4; lastKnownFileType = sourcecode.c.h; path = EventCellDelegate.h; sourceTree = "<group>"; };
		85C510B51CA0007F0091EFB7 /* EventInfo.h */ = {isa = PBXFileReference; fileEncoding = 4; lastKnownFileType = sourcecode.c.h; path = EventInfo.h; sourceTree = "<group>"; };
		85C510B61CA0007F0091EFB7 /* EventInfo.m */ = {isa = PBXFileReference; fileEncoding = 4; lastKnownFileType = sourcecode.c.objc; path = EventInfo.m; sourceTree = "<group>"; };
		85C510B81CA000FF0091EFB7 /* EventCell.h */ = {isa = PBXFileReference; fileEncoding = 4; lastKnownFileType = sourcecode.c.h; path = EventCell.h; sourceTree = "<group>"; };
		85C510B91CA000FF0091EFB7 /* EventCell.m */ = {isa = PBXFileReference; fileEncoding = 4; lastKnownFileType = sourcecode.c.objc; path = EventCell.m; sourceTree = "<group>"; };
		85ECD6861CA26268005F8FDE /* AddressBook.framework */ = {isa = PBXFileReference; lastKnownFileType = wrapper.framework; name = AddressBook.framework; path = System/Library/Frameworks/AddressBook.framework; sourceTree = SDKROOT; };
/* End PBXFileReference section */

/* Begin PBXFrameworksBuildPhase section */
		857542EA1C9D264400F225B4 /* Frameworks */ = {
			isa = PBXFrameworksBuildPhase;
			buildActionMask = 2147483647;
			files = (
			);
			runOnlyForDeploymentPostprocessing = 0;
		};
		857543031C9D264400F225B4 /* Frameworks */ = {
			isa = PBXFrameworksBuildPhase;
			buildActionMask = 2147483647;
			files = (
			);
			runOnlyForDeploymentPostprocessing = 0;
		};
/* End PBXFrameworksBuildPhase section */

/* Begin PBXGroup section */
		857542E41C9D264300F225B4 = {
			isa = PBXGroup;
			children = (
				85ECD6861CA26268005F8FDE /* AddressBook.framework */,
				85C510B81CA000FF0091EFB7 /* EventCell.h */,
				858539411CA68A7E00941DB4 /* EventCellDelegate.h */,
				85C510B91CA000FF0091EFB7 /* EventCell.m */,
				85C510B51CA0007F0091EFB7 /* EventInfo.h */,
				85C510B61CA0007F0091EFB7 /* EventInfo.m */,
				857543181C9D623200F225B4 /* EventsView.h */,
				857543191C9D623200F225B4 /* EventsView.m */,
				857542EF1C9D264400F225B4 /* SampleProject */,
				857543091C9D264400F225B4 /* SampleProjectTests */,
				857542EE1C9D264400F225B4 /* Products */,
			);
			sourceTree = "<group>";
		};
		857542EE1C9D264400F225B4 /* Products */ = {
			isa = PBXGroup;
			children = (
				857542ED1C9D264400F225B4 /* SampleProject.app */,
				857543061C9D264400F225B4 /* SampleProjectTests.xctest */,
			);
			name = Products;
			sourceTree = "<group>";
		};
		857542EF1C9D264400F225B4 /* SampleProject */ = {
			isa = PBXGroup;
			children = (
				857542F31C9D264400F225B4 /* AppDelegate.h */,
				857542F41C9D264400F225B4 /* AppDelegate.m */,
				857542F91C9D264400F225B4 /* Main.storyboard */,
				857542FC1C9D264400F225B4 /* Assets.xcassets */,
				857542FE1C9D264400F225B4 /* LaunchScreen.storyboard */,
				857543011C9D264400F225B4 /* Info.plist */,
				857542F01C9D264400F225B4 /* Supporting Files */,
			);
			path = SampleProject;
			sourceTree = "<group>";
		};
		857542F01C9D264400F225B4 /* Supporting Files */ = {
			isa = PBXGroup;
			children = (
				857542F11C9D264400F225B4 /* main.m */,
			);
			name = "Supporting Files";
			sourceTree = "<group>";
		};
		857543091C9D264400F225B4 /* SampleProjectTests */ = {
			isa = PBXGroup;
			children = (
				8575430A1C9D264400F225B4 /* SampleProjectTests.m */,
				8575430C1C9D264400F225B4 /* Info.plist */,
			);
			path = SampleProjectTests;
			sourceTree = "<group>";
		};
/* End PBXGroup section */

/* Begin PBXNativeTarget section */
		857542EC1C9D264400F225B4 /* SampleProject */ = {
			isa = PBXNativeTarget;
			buildConfigurationList = 8575430F1C9D264400F225B4 /* Build configuration list for PBXNativeTarget "SampleProject" */;
			buildPhases = (
				857542E91C9D264400F225B4 /* Sources */,
				857542EA1C9D264400F225B4 /* Frameworks */,
				857542EB1C9D264400F225B4 /* Resources */,
			);
			buildRules = (
			);
			dependencies = (
			);
			name = SampleProject;
			productName = SampleProject;
			productReference = 857542ED1C9D264400F225B4 /* SampleProject.app */;
			productType = "com.apple.product-type.application";
		};
		857543051C9D264400F225B4 /* SampleProjectTests */ = {
			isa = PBXNativeTarget;
			buildConfigurationList = 857543121C9D264400F225B4 /* Build configuration list for PBXNativeTarget "SampleProjectTests" */;
			buildPhases = (
				857543021C9D264400F225B4 /* Sources */,
				857543031C9D264400F225B4 /* Frameworks */,
				857543041C9D264400F225B4 /* Resources */,
			);
			buildRules = (
			);
			dependencies = (
				857543081C9D264400F225B4 /* PBXTargetDependency */,
			);
			name = SampleProjectTests;
			productName = SampleProjectTests;
			productReference = 857543061C9D264400F225B4 /* SampleProjectTests.xctest */;
			productType = "com.apple.product-type.bundle.unit-test";
		};
/* End PBXNativeTarget section */

/* Begin PBXProject section */
		857542E51C9D264300F225B4 /* Project object */ = {
			isa = PBXProject;
			attributes = {
				LastUpgradeCheck = 0720;
				ORGANIZATIONNAME = VSK;
				TargetAttributes = {
					857542EC1C9D264400F225B4 = {
						CreatedOnToolsVersion = 7.2.1;
					};
					857543051C9D264400F225B4 = {
						CreatedOnToolsVersion = 7.2.1;
						TestTargetID = 857542EC1C9D264400F225B4;
					};
				};
			};
			buildConfigurationList = 857542E81C9D264300F225B4 /* Build configuration list for PBXProject "SampleProject" */;
			compatibilityVersion = "Xcode 3.2";
			developmentRegion = English;
			hasScannedForEncodings = 0;
			knownRegions = (
				en,
				Base,
			);
			mainGroup = 857542E41C9D264300F225B4;
			productRefGroup = 857542EE1C9D264400F225B4 /* Products */;
			projectDirPath = "";
			projectRoot = "";
			targets = (
				857542EC1C9D264400F225B4 /* SampleProject */,
				857543051C9D264400F225B4 /* SampleProjectTests */,
			);
		};
/* End PBXProject section */

/* Begin PBXResourcesBuildPhase section */
		857542EB1C9D264400F225B4 /* Resources */ = {
			isa = PBXResourcesBuildPhase;
			buildActionMask = 2147483647;
			files = (
				857543001C9D264400F225B4 /* LaunchScreen.storyboard in Resources */,
				857542FD1C9D264400F225B4 /* Assets.xcassets in Resources */,
				857542FB1C9D264400F225B4 /* Main.storyboard in Resources */,
			);
			runOnlyForDeploymentPostprocessing = 0;
		};
		857543041C9D264400F225B4 /* Resources */ = {
			isa = PBXResourcesBuildPhase;
			buildActionMask = 2147483647;
			files = (
			);
			runOnlyForDeploymentPostprocessing = 0;
		};
/* End PBXResourcesBuildPhase section */

/* Begin PBXSourcesBuildPhase section */
		857542E91C9D264400F225B4 /* Sources */ = {
			isa = PBXSourcesBuildPhase;
			buildActionMask = 2147483647;
			files = (
				85C510B71CA0007F0091EFB7 /* EventInfo.m in Sources */,
				857542F51C9D264400F225B4 /* AppDelegate.m in Sources */,
				857542F21C9D264400F225B4 /* main.m in Sources */,
				85C510BA1CA000FF0091EFB7 /* EventCell.m in Sources */,
				8575431A1C9D623200F225B4 /* EventsView.m in Sources */,
			);
			runOnlyForDeploymentPostprocessing = 0;
		};
		857543021C9D264400F225B4 /* Sources */ = {
			isa = PBXSourcesBuildPhase;
			buildActionMask = 2147483647;
			files = (
				8575430B1C9D264400F225B4 /* SampleProjectTests.m in Sources */,
			);
			runOnlyForDeploymentPostprocessing = 0;
		};
/* End PBXSourcesBuildPhase section */

/* Begin PBXTargetDependency section */
		857543081C9D264400F225B4 /* PBXTargetDependency */ = {
			isa = PBXTargetDependency;
			target = 857542EC1C9D264400F225B4 /* SampleProject */;
			targetProxy = 857543071C9D264400F225B4 /* PBXContainerItemProxy */;
		};
/* End PBXTargetDependency section */

/* Begin PBXVariantGroup section */
		857542F91C9D264400F225B4 /* Main.storyboard */ = {
			isa = PBXVariantGroup;
			children = (
				857542FA1C9D264400F225B4 /* Base */,
			);
			name = Main.storyboard;
			sourceTree = "<group>";
		};
		857542FE1C9D264400F225B4 /* LaunchScreen.storyboard */ = {
			isa = PBXVariantGroup;
			children = (
				857542FF1C9D264400F225B4 /* Base */,
			);
			name = LaunchScreen.storyboard;
			sourceTree = "<group>";
		};
/* End PBXVariantGroup section */

/* Begin XCBuildConfiguration section */
		8575430D1C9D264400F225B4 /* Debug */ = {
			isa = XCBuildConfiguration;
			buildSettings = {
				ALWAYS_SEARCH_USER_PATHS = NO;
				CLANG_CXX_LANGUAGE_STANDARD = "gnu++0x";
				CLANG_CXX_LIBRARY = "libc++";
				CLANG_ENABLE_MODULES = YES;
				CLANG_ENABLE_OBJC_ARC = YES;
				CLANG_WARN_BOOL_CONVERSION = YES;
				CLANG_WARN_CONSTANT_CONVERSION = YES;
				CLANG_WARN_DIRECT_OBJC_ISA_USAGE = YES_ERROR;
				CLANG_WARN_EMPTY_BODY = YES;
				CLANG_WARN_ENUM_CONVERSION = YES;
				CLANG_WARN_INT_CONVERSION = YES;
				CLANG_WARN_OBJC_ROOT_CLASS = YES_ERROR;
				CLANG_WARN_UNREACHABLE_CODE = YES;
				CLANG_WARN__DUPLICATE_METHOD_MATCH = YES;
				"CODE_SIGN_IDENTITY[sdk=iphoneos*]" = "iPhone Developer";
				COPY_PHASE_STRIP = NO;
				DEBUG_INFORMATION_FORMAT = dwarf;
				ENABLE_STRICT_OBJC_MSGSEND = YES;
				ENABLE_TESTABILITY = YES;
				GCC_C_LANGUAGE_STANDARD = gnu99;
				GCC_DYNAMIC_NO_PIC = NO;
				GCC_NO_COMMON_BLOCKS = YES;
				GCC_OPTIMIZATION_LEVEL = 0;
				GCC_PREPROCESSOR_DEFINITIONS = (
					"DEBUG=1",
					"$(inherited)",
				);
				GCC_WARN_64_TO_32_BIT_CONVERSION = YES;
				GCC_WARN_ABOUT_RETURN_TYPE = YES_ERROR;
				GCC_WARN_UNDECLARED_SELECTOR = YES;
				GCC_WARN_UNINITIALIZED_AUTOS = YES_AGGRESSIVE;
				GCC_WARN_UNUSED_FUNCTION = YES;
				GCC_WARN_UNUSED_VARIABLE = YES;
				IPHONEOS_DEPLOYMENT_TARGET = 9.2;
				MTL_ENABLE_DEBUG_INFO = YES;
				ONLY_ACTIVE_ARCH = YES;
				SDKROOT = iphoneos;
			};
			name = Debug;
		};
		8575430E1C9D264400F225B4 /* Release */ = {
			isa = XCBuildConfiguration;
			buildSettings = {
				ALWAYS_SEARCH_USER_PATHS = NO;
				CLANG_CXX_LANGUAGE_STANDARD = "gnu++0x";
				CLANG_CXX_LIBRARY = "libc++";
				CLANG_ENABLE_MODULES = YES;
				CLANG_ENABLE_OBJC_ARC = YES;
				CLANG_WARN_BOOL_CONVERSION = YES;
				CLANG_WARN_CONSTANT_CONVERSION = YES;
				CLANG_WARN_DIRECT_OBJC_ISA_USAGE = YES_ERROR;
				CLANG_WARN_EMPTY_BODY = YES;
				CLANG_WARN_ENUM_CONVERSION = YES;
				CLANG_WARN_INT_CONVERSION = YES;
				CLANG_WARN_OBJC_ROOT_CLASS = YES_ERROR;
				CLANG_WARN_UNREACHABLE_CODE = YES;
				CLANG_WARN__DUPLICATE_METHOD_MATCH = YES;
				"CODE_SIGN_IDENTITY[sdk=iphoneos*]" = "iPhone Developer";
				COPY_PHASE_STRIP = NO;
				DEBUG_INFORMATION_FORMAT = "dwarf-with-dsym";
				ENABLE_NS_ASSERTIONS = NO;
				ENABLE_STRICT_OBJC_MSGSEND = YES;
				GCC_C_LANGUAGE_STANDARD = gnu99;
				GCC_NO_COMMON_BLOCKS = YES;
				GCC_WARN_64_TO_32_BIT_CONVERSION = YES;
				GCC_WARN_ABOUT_RETURN_TYPE = YES_ERROR;
				GCC_WARN_UNDECLARED_SELECTOR = YES;
				GCC_WARN_UNINITIALIZED_AUTOS = YES_AGGRESSIVE;
				GCC_WARN_UNUSED_FUNCTION = YES;
				GCC_WARN_UNUSED_VARIABLE = YES;
				IPHONEOS_DEPLOYMENT_TARGET = 9.2;
				MTL_ENABLE_DEBUG_INFO = NO;
				SDKROOT = iphoneos;
				VALIDATE_PRODUCT = YES;
			};
			name = Release;
		};
		857543101C9D264400F225B4 /* Debug */ = {
			isa = XCBuildConfiguration;
			buildSettings = {
				ASSETCATALOG_COMPILER_APPICON_NAME = AppIcon;
				INFOPLIST_FILE = SampleProject/Info.plist;
				LD_RUNPATH_SEARCH_PATHS = "$(inherited) @executable_path/Frameworks";
				PRODUCT_BUNDLE_IDENTIFIER = VSK.SampleProject;
				PRODUCT_NAME = "$(TARGET_NAME)";
			};
			name = Debug;
		};
		857543111C9D264400F225B4 /* Release */ = {
			isa = XCBuildConfiguration;
			buildSettings = {
				ASSETCATALOG_COMPILER_APPICON_NAME = AppIcon;
				INFOPLIST_FILE = SampleProject/Info.plist;
				LD_RUNPATH_SEARCH_PATHS = "$(inherited) @executable_path/Frameworks";
				PRODUCT_BUNDLE_IDENTIFIER = VSK.SampleProject;
				PRODUCT_NAME = "$(TARGET_NAME)";
			};
			name = Release;
		};
		857543131C9D264400F225B4 /* Debug */ = {
			isa = XCBuildConfiguration;
			buildSettings = {
				BUNDLE_LOADER = "$(TEST_HOST)";
				INFOPLIST_FILE = SampleProjectTests/Info.plist;
				LD_RUNPATH_SEARCH_PATHS = "$(inherited) @executable_path/Frameworks @loader_path/Frameworks";
				PRODUCT_BUNDLE_IDENTIFIER = VSK.SampleProjectTests;
				PRODUCT_NAME = "$(TARGET_NAME)";
				TEST_HOST = "$(BUILT_PRODUCTS_DIR)/SampleProject.app/SampleProject";
			};
			name = Debug;
		};
		857543141C9D264400F225B4 /* Release */ = {
			isa = XCBuildConfiguration;
			buildSettings = {
				BUNDLE_LOADER = "$(TEST_HOST)";
				INFOPLIST_FILE = SampleProjectTests/Info.plist;
				LD_RUNPATH_SEARCH_PATHS = "$(inherited) @executable_path/Frameworks @loader_path/Frameworks";
				PRODUCT_BUNDLE_IDENTIFIER = VSK.SampleProjectTests;
				PRODUCT_NAME = "$(TARGET_NAME)";
				TEST_HOST = "$(BUILT_PRODUCTS_DIR)/SampleProject.app/SampleProject";
			};
			name = Release;
		};
/* End XCBuildConfiguration section */

/* Begin XCConfigurationList section */
		857542E81C9D264300F225B4 /* Build configuration list for PBXProject "SampleProject" */ = {
			isa = XCConfigurationList;
			buildConfigurations = (
				8575430D1C9D264400F225B4 /* Debug */,
				8575430E1C9D264400F225B4 /* Release */,
			);
			defaultConfigurationIsVisible = 0;
			defaultConfigurationName = Release;
		};
		8575430F1C9D264400F225B4 /* Build configuration list for PBXNativeTarget "SampleProject" */ = {
			isa = XCConfigurationList;
			buildConfigurations = (
				857543101C9D264400F225B4 /* Debug */,
				857543111C9D264400F225B4 /* Release */,
			);
			defaultConfigurationIsVisible = 0;
			defaultConfigurationName = Release;
		};
		857543121C9D264400F225B4 /* Build configuration list for PBXNativeTarget "SampleProjectTests" */ = {
			isa = XCConfigurationList;
			buildConfigurations = (
				857543131C9D264400F225B4 /* Debug */,
				857543141C9D264400F225B4 /* Release */,
			);
			defaultConfigurationIsVisible = 0;
			defaultConfigurationName = Release;
		};
/* End XCConfigurationList section */
	};
	rootObject = 857542E51C9D264300F225B4 /* Project object */;
}
